
Microsoft Visual Studio Solution File, Format Version 12.00
# Visual Studio 15
VisualStudioVersion = 15.0.28307.539
MinimumVisualStudioVersion = 10.0.40219.1
Project("{FAE04EC0-301F-11D3-BF4B-00C04F79EFBC}") = "MobileDevCodeChallenge.Android", "MobileDevCodeChallenge\MobileDevCodeChallenge.Android\MobileDevCodeChallenge.Android.csproj", "{E30D3AB0-4544-4C03-A79A-89EBA3C9163B}"
EndProject
Project("{FAE04EC0-301F-11D3-BF4B-00C04F79EFBC}") = "MobileDevCodeChallenge.iOS", "MobileDevCodeChallenge\MobileDevCodeChallenge.iOS\MobileDevCodeChallenge.iOS.csproj", "{710B9861-A8EC-4925-A785-469BE3B7FC4B}"
EndProject
Project("{FAE04EC0-301F-11D3-BF4B-00C04F79EFBC}") = "MobileDevCodeChallenge", "MobileDevCodeChallenge\MobileDevCodeChallenge\MobileDevCodeChallenge.csproj", "{C676370D-583E-4F1B-9503-5C81985303FD}"
EndProject
Global
	GlobalSection(SolutionConfigurationPlatforms) = preSolution
		Ad-Hoc|Any CPU = Ad-Hoc|Any CPU
		Ad-Hoc|iPhone = Ad-Hoc|iPhone
		Ad-Hoc|iPhoneSimulator = Ad-Hoc|iPhoneSimulator
		AppStore|Any CPU = AppStore|Any CPU
		AppStore|iPhone = AppStore|iPhone
		AppStore|iPhoneSimulator = AppStore|iPhoneSimulator
		Debug|Any CPU = Debug|Any CPU
		Debug|iPhone = Debug|iPhone
		Debug|iPhoneSimulator = Debug|iPhoneSimulator
		Release|Any CPU = Release|Any CPU
		Release|iPhone = Release|iPhone
		Release|iPhoneSimulator = Release|iPhoneSimulator
	EndGlobalSection
	GlobalSection(ProjectConfigurationPlatforms) = postSolution
		{E30D3AB0-4544-4C03-A79A-89EBA3C9163B}.Ad-Hoc|Any CPU.ActiveCfg = Release|Any CPU
		{E30D3AB0-4544-4C03-A79A-89EBA3C9163B}.Ad-Hoc|Any CPU.Build.0 = Release|Any CPU
		{E30D3AB0-4544-4C03-A79A-89EBA3C9163B}.Ad-Hoc|Any CPU.Deploy.0 = Release|Any CPU
		{E30D3AB0-4544-4C03-A79A-89EBA3C9163B}.Ad-Hoc|iPhone.ActiveCfg = Release|Any CPU
		{E30D3AB0-4544-4C03-A79A-89EBA3C9163B}.Ad-Hoc|iPhone.Build.0 = Release|Any CPU
		{E30D3AB0-4544-4C03-A79A-89EBA3C9163B}.Ad-Hoc|iPhone.Deploy.0 = Release|Any CPU
		{E30D3AB0-4544-4C03-A79A-89EBA3C9163B}.Ad-Hoc|iPhoneSimulator.ActiveCfg = Release|Any CPU
		{E30D3AB0-4544-4C03-A79A-89EBA3C9163B}.Ad-Hoc|iPhoneSimulator.Build.0 = Release|Any CPU
		{E30D3AB0-4544-4C03-A79A-89EBA3C9163B}.Ad-Hoc|iPhoneSimulator.Deploy.0 = Release|Any CPU
		{E30D3AB0-4544-4C03-A79A-89EBA3C9163B}.AppStore|Any CPU.ActiveCfg = Release|Any CPU
		{E30D3AB0-4544-4C03-A79A-89EBA3C9163B}.AppStore|Any CPU.Build.0 = Release|Any CPU
		{E30D3AB0-4544-4C03-A79A-89EBA3C9163B}.AppStore|Any CPU.Deploy.0 = Release|Any CPU
		{E30D3AB0-4544-4C03-A79A-89EBA3C9163B}.AppStore|iPhone.ActiveCfg = Release|Any CPU
		{E30D3AB0-4544-4C03-A79A-89EBA3C9163B}.AppStore|iPhone.Build.0 = Release|Any CPU
		{E30D3AB0-4544-4C03-A79A-89EBA3C9163B}.AppStore|iPhone.Deploy.0 = Release|Any CPU
		{E30D3AB0-4544-4C03-A79A-89EBA3C9163B}.AppStore|iPhoneSimulator.ActiveCfg = Release|Any CPU
		{E30D3AB0-4544-4C03-A79A-89EBA3C9163B}.AppStore|iPhoneSimulator.Build.0 = Release|Any CPU
		{E30D3AB0-4544-4C03-A79A-89EBA3C9163B}.AppStore|iPhoneSimulator.Deploy.0 = Release|Any CPU
		{E30D3AB0-4544-4C03-A79A-89EBA3C9163B}.Debug|Any CPU.ActiveCfg = Debug|Any CPU
		{E30D3AB0-4544-4C03-A79A-89EBA3C9163B}.Debug|Any CPU.Build.0 = Debug|Any CPU
		{E30D3AB0-4544-4C03-A79A-89EBA3C9163B}.Debug|Any CPU.Deploy.0 = Debug|Any CPU
		{E30D3AB0-4544-4C03-A79A-89EBA3C9163B}.Debug|iPhone.ActiveCfg = Debug|Any CPU
		{E30D3AB0-4544-4C03-A79A-89EBA3C9163B}.Debug|iPhone.Build.0 = Debug|Any CPU
		{E30D3AB0-4544-4C03-A79A-89EBA3C9163B}.Debug|iPhone.Deploy.0 = Debug|Any CPU
		{E30D3AB0-4544-4C03-A79A-89EBA3C9163B}.Debug|iPhoneSimulator.ActiveCfg = Debug|Any CPU
		{E30D3AB0-4544-4C03-A79A-89EBA3C9163B}.Debug|iPhoneSimulator.Build.0 = Debug|Any CPU
		{E30D3AB0-4544-4C03-A79A-89EBA3C9163B}.Debug|iPhoneSimulator.Deploy.0 = Debug|Any CPU
		{E30D3AB0-4544-4C03-A79A-89EBA3C9163B}.Release|Any CPU.ActiveCfg = Release|Any CPU
		{E30D3AB0-4544-4C03-A79A-89EBA3C9163B}.Release|Any CPU.Build.0 = Release|Any CPU
		{E30D3AB0-4544-4C03-A79A-89EBA3C9163B}.Release|Any CPU.Deploy.0 = Release|Any CPU
		{E30D3AB0-4544-4C03-A79A-89EBA3C9163B}.Release|iPhone.ActiveCfg = Release|Any CPU
		{E30D3AB0-4544-4C03-A79A-89EBA3C9163B}.Release|iPhone.Build.0 = Release|Any CPU
		{E30D3AB0-4544-4C03-A79A-89EBA3C9163B}.Release|iPhone.Deploy.0 = Release|Any CPU
		{E30D3AB0-4544-4C03-A79A-89EBA3C9163B}.Release|iPhoneSimulator.ActiveCfg = Release|Any CPU
		{E30D3AB0-4544-4C03-A79A-89EBA3C9163B}.Release|iPhoneSimulator.Build.0 = Release|Any CPU
		{E30D3AB0-4544-4C03-A79A-89EBA3C9163B}.Release|iPhoneSimulator.Deploy.0 = Release|Any CPU
		{710B9861-A8EC-4925-A785-469BE3B7FC4B}.Ad-Hoc|Any CPU.ActiveCfg = Ad-Hoc|iPhone
		{710B9861-A8EC-4925-A785-469BE3B7FC4B}.Ad-Hoc|Any CPU.Build.0 = Ad-Hoc|iPhone
		{710B9861-A8EC-4925-A785-469BE3B7FC4B}.Ad-Hoc|Any CPU.Deploy.0 = Ad-Hoc|iPhone
		{710B9861-A8EC-4925-A785-469BE3B7FC4B}.Ad-Hoc|iPhone.ActiveCfg = Ad-Hoc|iPhone
		{710B9861-A8EC-4925-A785-469BE3B7FC4B}.Ad-Hoc|iPhone.Build.0 = Ad-Hoc|iPhone
		{710B9861-A8EC-4925-A785-469BE3B7FC4B}.Ad-Hoc|iPhone.Deploy.0 = Ad-Hoc|iPhone
		{710B9861-A8EC-4925-A785-469BE3B7FC4B}.Ad-Hoc|iPhoneSimulator.ActiveCfg = Ad-Hoc|iPhoneSimulator
		{710B9861-A8EC-4925-A785-469BE3B7FC4B}.Ad-Hoc|iPhoneSimulator.Build.0 = Ad-Hoc|iPhoneSimulator
		{710B9861-A8EC-4925-A785-469BE3B7FC4B}.Ad-Hoc|iPhoneSimulator.Deploy.0 = Ad-Hoc|iPhoneSimulator
		{710B9861-A8EC-4925-A785-469BE3B7FC4B}.AppStore|Any CPU.ActiveCfg = AppStore|iPhone
		{710B9861-A8EC-4925-A785-469BE3B7FC4B}.AppStore|Any CPU.Build.0 = AppStore|iPhone
		{710B9861-A8EC-4925-A785-469BE3B7FC4B}.AppStore|Any CPU.Deploy.0 = AppStore|iPhone
		{710B9861-A8EC-4925-A785-469BE3B7FC4B}.AppStore|iPhone.ActiveCfg = AppStore|iPhone
		{710B9861-A8EC-4925-A785-469BE3B7FC4B}.AppStore|iPhone.Build.0 = AppStore|iPhone
		{710B9861-A8EC-4925-A785-469BE3B7FC4B}.AppStore|iPhone.Deploy.0 = AppStore|iPhone
		{710B9861-A8EC-4925-A785-469BE3B7FC4B}.AppStore|iPhoneSimulator.ActiveCfg = AppStore|iPhoneSimulator
		{710B9861-A8EC-4925-A785-469BE3B7FC4B}.AppStore|iPhoneSimulator.Build.0 = AppStore|iPhoneSimulator
		{710B9861-A8EC-4925-A785-469BE3B7FC4B}.AppStore|iPhoneSimulator.Deploy.0 = AppStore|iPhoneSimulator
		{710B9861-A8EC-4925-A785-469BE3B7FC4B}.Debug|Any CPU.ActiveCfg = Debug|iPhoneSimulator
		{710B9861-A8EC-4925-A785-469BE3B7FC4B}.Debug|Any CPU.Build.0 = Debug|iPhoneSimulator
		{710B9861-A8EC-4925-A785-469BE3B7FC4B}.Debug|Any CPU.Deploy.0 = Debug|iPhoneSimulator
		{710B9861-A8EC-4925-A785-469BE3B7FC4B}.Debug|iPhone.ActiveCfg = Debug|iPhone
		{710B9861-A8EC-4925-A785-469BE3B7FC4B}.Debug|iPhone.Build.0 = Debug|iPhone
		{710B9861-A8EC-4925-A785-469BE3B7FC4B}.Debug|iPhone.Deploy.0 = Debug|iPhone
		{710B9861-A8EC-4925-A785-469BE3B7FC4B}.Debug|iPhoneSimulator.ActiveCfg = Debug|iPhoneSimulator
		{710B9861-A8EC-4925-A785-469BE3B7FC4B}.Debug|iPhoneSimulator.Build.0 = Debug|iPhoneSimulator
		{710B9861-A8EC-4925-A785-469BE3B7FC4B}.Debug|iPhoneSimulator.Deploy.0 = Debug|iPhoneSimulator
		{710B9861-A8EC-4925-A785-469BE3B7FC4B}.Release|Any CPU.ActiveCfg = Release|iPhone
		{710B9861-A8EC-4925-A785-469BE3B7FC4B}.Release|Any CPU.Build.0 = Release|iPhone
		{710B9861-A8EC-4925-A785-469BE3B7FC4B}.Release|Any CPU.Deploy.0 = Release|iPhone
		{710B9861-A8EC-4925-A785-469BE3B7FC4B}.Release|iPhone.ActiveCfg = Release|iPhone
		{710B9861-A8EC-4925-A785-469BE3B7FC4B}.Release|iPhone.Build.0 = Release|iPhone
		{710B9861-A8EC-4925-A785-469BE3B7FC4B}.Release|iPhone.Deploy.0 = Release|iPhone
		{710B9861-A8EC-4925-A785-469BE3B7FC4B}.Release|iPhoneSimulator.ActiveCfg = Release|iPhoneSimulator
		{710B9861-A8EC-4925-A785-469BE3B7FC4B}.Release|iPhoneSimulator.Build.0 = Release|iPhoneSimulator
		{710B9861-A8EC-4925-A785-469BE3B7FC4B}.Release|iPhoneSimulator.Deploy.0 = Release|iPhoneSimulator
		{C676370D-583E-4F1B-9503-5C81985303FD}.Ad-Hoc|Any CPU.ActiveCfg = Debug|Any CPU
		{C676370D-583E-4F1B-9503-5C81985303FD}.Ad-Hoc|Any CPU.Build.0 = Debug|Any CPU
		{C676370D-583E-4F1B-9503-5C81985303FD}.Ad-Hoc|Any CPU.Deploy.0 = Debug|Any CPU
		{C676370D-583E-4F1B-9503-5C81985303FD}.Ad-Hoc|iPhone.ActiveCfg = Debug|Any CPU
		{C676370D-583E-4F1B-9503-5C81985303FD}.Ad-Hoc|iPhone.Build.0 = Debug|Any CPU
		{C676370D-583E-4F1B-9503-5C81985303FD}.Ad-Hoc|iPhone.Deploy.0 = Debug|Any CPU
		{C676370D-583E-4F1B-9503-5C81985303FD}.Ad-Hoc|iPhoneSimulator.ActiveCfg = Debug|Any CPU
		{C676370D-583E-4F1B-9503-5C81985303FD}.Ad-Hoc|iPhoneSimulator.Build.0 = Debug|Any CPU
		{C676370D-583E-4F1B-9503-5C81985303FD}.Ad-Hoc|iPhoneSimulator.Deploy.0 = Debug|Any CPU
		{C676370D-583E-4F1B-9503-5C81985303FD}.AppStore|Any CPU.ActiveCfg = Debug|Any CPU
		{C676370D-583E-4F1B-9503-5C81985303FD}.AppStore|Any CPU.Build.0 = Debug|Any CPU
		{C676370D-583E-4F1B-9503-5C81985303FD}.AppStore|Any CPU.Deploy.0 = Debug|Any CPU
		{C676370D-583E-4F1B-9503-5C81985303FD}.AppStore|iPhone.ActiveCfg = Debug|Any CPU
		{C676370D-583E-4F1B-9503-5C81985303FD}.AppStore|iPhone.Build.0 = Debug|Any CPU
		{C676370D-583E-4F1B-9503-5C81985303FD}.AppStore|iPhone.Deploy.0 = Debug|Any CPU
		{C676370D-583E-4F1B-9503-5C81985303FD}.AppStore|iPhoneSimulator.ActiveCfg = Debug|Any CPU
		{C676370D-583E-4F1B-9503-5C81985303FD}.AppStore|iPhoneSimulator.Build.0 = Debug|Any CPU
		{C676370D-583E-4F1B-9503-5C81985303FD}.AppStore|iPhoneSimulator.Deploy.0 = Debug|Any CPU
		{C676370D-583E-4F1B-9503-5C81985303FD}.Debug|Any CPU.ActiveCfg = Debug|Any CPU
		{C676370D-583E-4F1B-9503-5C81985303FD}.Debug|Any CPU.Build.0 = Debug|Any CPU
		{C676370D-583E-4F1B-9503-5C81985303FD}.Debug|Any CPU.Deploy.0 = Debug|Any CPU
		{C676370D-583E-4F1B-9503-5C81985303FD}.Debug|iPhone.ActiveCfg = Debug|Any CPU
		{C676370D-583E-4F1B-9503-5C81985303FD}.Debug|iPhone.Build.0 = Debug|Any CPU
		{C676370D-583E-4F1B-9503-5C81985303FD}.Debug|iPhone.Deploy.0 = Debug|Any CPU
		{C676370D-583E-4F1B-9503-5C81985303FD}.Debug|iPhoneSimulator.ActiveCfg = Debug|Any CPU
		{C676370D-583E-4F1B-9503-5C81985303FD}.Debug|iPhoneSimulator.Build.0 = Debug|Any CPU
		{C676370D-583E-4F1B-9503-5C81985303FD}.Debug|iPhoneSimulator.Deploy.0 = Debug|Any CPU
		{C676370D-583E-4F1B-9503-5C81985303FD}.Release|Any CPU.ActiveCfg = Release|Any CPU
		{C676370D-583E-4F1B-9503-5C81985303FD}.Release|Any CPU.Build.0 = Release|Any CPU
		{C676370D-583E-4F1B-9503-5C81985303FD}.Release|Any CPU.Deploy.0 = Release|Any CPU
		{C676370D-583E-4F1B-9503-5C81985303FD}.Release|iPhone.ActiveCfg = Release|Any CPU
		{C676370D-583E-4F1B-9503-5C81985303FD}.Release|iPhone.Build.0 = Release|Any CPU
		{C676370D-583E-4F1B-9503-5C81985303FD}.Release|iPhone.Deploy.0 = Release|Any CPU
		{C676370D-583E-4F1B-9503-5C81985303FD}.Release|iPhoneSimulator.ActiveCfg = Release|Any CPU
		{C676370D-583E-4F1B-9503-5C81985303FD}.Release|iPhoneSimulator.Build.0 = Release|Any CPU
		{C676370D-583E-4F1B-9503-5C81985303FD}.Release|iPhoneSimulator.Deploy.0 = Release|Any CPU
	EndGlobalSection
	GlobalSection(SolutionProperties) = preSolution
		HideSolutionNode = FALSE
	EndGlobalSection
	GlobalSection(ExtensibilityGlobals) = postSolution
		SolutionGuid = {598E4514-0157-4EF4-BC47-228EE06C2831}
	EndGlobalSection
EndGlobal
